// !$*UTF8*$!
{
	archiveVersion = 1;
	classes = {
	};
	objectVersion = 50;
	objects = {

/* Begin PBXBuildFile section */
		A868497121AF11F200CD974B /* AppDelegate.swift in Sources */ = {isa = PBXBuildFile; fileRef = A868497021AF11F200CD974B /* AppDelegate.swift */; };
		A868497521AF11F300CD974B /* Assets.xcassets in Resources */ = {isa = PBXBuildFile; fileRef = A868497421AF11F300CD974B /* Assets.xcassets */; };
		A868497821AF11F300CD974B /* Main.storyboard in Resources */ = {isa = PBXBuildFile; fileRef = A868497621AF11F300CD974B /* Main.storyboard */; };
		A868498E21AF1D4700CD974B /* Quote.swift in Sources */ = {isa = PBXBuildFile; fileRef = A868498A21AF1D4700CD974B /* Quote.swift */; };
		A868498F21AF1D4700CD974B /* PreferenceViewController.swift in Sources */ = {isa = PBXBuildFile; fileRef = A868498C21AF1D4700CD974B /* PreferenceViewController.swift */; };
		A868499021AF1D4700CD974B /* QuotesViewController.swift in Sources */ = {isa = PBXBuildFile; fileRef = A868498D21AF1D4700CD974B /* QuotesViewController.swift */; };
		A8CF786A21B1C9670067AE52 /* EventMonitor.swift in Sources */ = {isa = PBXBuildFile; fileRef = A8CF786921B1C9670067AE52 /* EventMonitor.swift */; };
		A8CF787421B49A890067AE52 /* ImgurAPI.swift in Sources */ = {isa = PBXBuildFile; fileRef = A8CF787321B49A890067AE52 /* ImgurAPI.swift */; };
		A8CF787821B4A3690067AE52 /* Constants.swift in Sources */ = {isa = PBXBuildFile; fileRef = A8CF787721B4A3690067AE52 /* Constants.swift */; };
		A8CF787C21B777F40067AE52 /* NotificationCenter.swift in Sources */ = {isa = PBXBuildFile; fileRef = A8CF787B21B777F40067AE52 /* NotificationCenter.swift */; };
		A8CF787E21B8B8040067AE52 /* SMMSAPI.swift in Sources */ = {isa = PBXBuildFile; fileRef = A8CF787D21B8B8040067AE52 /* SMMSAPI.swift */; };
		A8CF788021B8B8730067AE52 /* PictureUploader.swift in Sources */ = {isa = PBXBuildFile; fileRef = A8CF787F21B8B8730067AE52 /* PictureUploader.swift */; };
		A8CF788221B9AD7D0067AE52 /* Cartfile in Resources */ = {isa = PBXBuildFile; fileRef = A8CF788121B9AD7D0067AE52 /* Cartfile */; };
		A8CF789021BA0B3F0067AE52 /* Alamofire.framework in Frameworks */ = {isa = PBXBuildFile; fileRef = A8CF788F21BA0B3F0067AE52 /* Alamofire.framework */; };
		A8CF789221BA0B500067AE52 /* Alamofire.framework in Embed Frameworks */ = {isa = PBXBuildFile; fileRef = A8CF788F21BA0B3F0067AE52 /* Alamofire.framework */; settings = {ATTRIBUTES = (CodeSignOnCopy, RemoveHeadersOnCopy, ); }; };
		A8CF789921BA0E3E0067AE52 /* SwiftyJSON.framework in Frameworks */ = {isa = PBXBuildFile; fileRef = A8CF789721BA0E370067AE52 /* SwiftyJSON.framework */; };
		A8CF789A21BA0E3E0067AE52 /* SwiftyJSON.framework in Embed Frameworks */ = {isa = PBXBuildFile; fileRef = A8CF789721BA0E370067AE52 /* SwiftyJSON.framework */; settings = {ATTRIBUTES = (CodeSignOnCopy, RemoveHeadersOnCopy, ); }; };
		A8CF78A021BCB2840067AE52 /* ShortcutService.swift in Sources */ = {isa = PBXBuildFile; fileRef = A8CF789F21BCB2840067AE52 /* ShortcutService.swift */; };
		A8CF78A321BCBEEC0067AE52 /* HotKey.framework in Frameworks */ = {isa = PBXBuildFile; fileRef = A8CF78A121BCBEE80067AE52 /* HotKey.framework */; };
		A8CF78A421BCBEEC0067AE52 /* HotKey.framework in Embed Frameworks */ = {isa = PBXBuildFile; fileRef = A8CF78A121BCBEE80067AE52 /* HotKey.framework */; settings = {ATTRIBUTES = (CodeSignOnCopy, RemoveHeadersOnCopy, ); }; };
		A8CF78A621BD6F380067AE52 /* ClipboardService.swift in Sources */ = {isa = PBXBuildFile; fileRef = A8CF78A521BD6F380067AE52 /* ClipboardService.swift */; };
		A8CF78A821BD9BF90067AE52 /* UploadService.swift in Sources */ = {isa = PBXBuildFile; fileRef = A8CF78A721BD9BF90067AE52 /* UploadService.swift */; };
/* End PBXBuildFile section */

/* Begin PBXCopyFilesBuildPhase section */
		A8CF788D21BA0AAA0067AE52 /* Embed Frameworks */ = {
			isa = PBXCopyFilesBuildPhase;
			buildActionMask = 2147483647;
			dstPath = "";
			dstSubfolderSpec = 10;
			files = (
				A8CF78A421BCBEEC0067AE52 /* HotKey.framework in Embed Frameworks */,
				A8CF789A21BA0E3E0067AE52 /* SwiftyJSON.framework in Embed Frameworks */,
				A8CF789221BA0B500067AE52 /* Alamofire.framework in Embed Frameworks */,
			);
			name = "Embed Frameworks";
			runOnlyForDeploymentPostprocessing = 0;
		};
/* End PBXCopyFilesBuildPhase section */

/* Begin PBXFileReference section */
		A868496D21AF11F200CD974B /* PicUp.app */ = {isa = PBXFileReference; explicitFileType = wrapper.application; includeInIndex = 0; path = PicUp.app; sourceTree = BUILT_PRODUCTS_DIR; };
		A868497021AF11F200CD974B /* AppDelegate.swift */ = {isa = PBXFileReference; lastKnownFileType = sourcecode.swift; path = AppDelegate.swift; sourceTree = "<group>"; };
		A868497421AF11F300CD974B /* Assets.xcassets */ = {isa = PBXFileReference; lastKnownFileType = folder.assetcatalog; path = Assets.xcassets; sourceTree = "<group>"; };
		A868497721AF11F300CD974B /* Base */ = {isa = PBXFileReference; lastKnownFileType = file.storyboard; name = Base; path = Base.lproj/Main.storyboard; sourceTree = "<group>"; };
		A868497921AF11F400CD974B /* Info.plist */ = {isa = PBXFileReference; lastKnownFileType = text.plist.xml; path = Info.plist; sourceTree = "<group>"; };
		A868497A21AF11F400CD974B /* PicUp.entitlements */ = {isa = PBXFileReference; lastKnownFileType = text.plist.entitlements; path = PicUp.entitlements; sourceTree = "<group>"; };
		A868498A21AF1D4700CD974B /* Quote.swift */ = {isa = PBXFileReference; fileEncoding = 4; lastKnownFileType = sourcecode.swift; path = Quote.swift; sourceTree = "<group>"; };
		A868498C21AF1D4700CD974B /* PreferenceViewController.swift */ = {isa = PBXFileReference; fileEncoding = 4; lastKnownFileType = sourcecode.swift; path = PreferenceViewController.swift; sourceTree = "<group>"; };
		A868498D21AF1D4700CD974B /* QuotesViewController.swift */ = {isa = PBXFileReference; fileEncoding = 4; lastKnownFileType = sourcecode.swift; path = QuotesViewController.swift; sourceTree = "<group>"; };
		A8CF786921B1C9670067AE52 /* EventMonitor.swift */ = {isa = PBXFileReference; lastKnownFileType = sourcecode.swift; path = EventMonitor.swift; sourceTree = "<group>"; };
		A8CF787321B49A890067AE52 /* ImgurAPI.swift */ = {isa = PBXFileReference; lastKnownFileType = sourcecode.swift; path = ImgurAPI.swift; sourceTree = "<group>"; };
		A8CF787721B4A3690067AE52 /* Constants.swift */ = {isa = PBXFileReference; lastKnownFileType = sourcecode.swift; path = Constants.swift; sourceTree = "<group>"; };
		A8CF787B21B777F40067AE52 /* NotificationCenter.swift */ = {isa = PBXFileReference; lastKnownFileType = sourcecode.swift; path = NotificationCenter.swift; sourceTree = "<group>"; };
		A8CF787D21B8B8040067AE52 /* SMMSAPI.swift */ = {isa = PBXFileReference; lastKnownFileType = sourcecode.swift; path = SMMSAPI.swift; sourceTree = "<group>"; };
		A8CF787F21B8B8730067AE52 /* PictureUploader.swift */ = {isa = PBXFileReference; lastKnownFileType = sourcecode.swift; path = PictureUploader.swift; sourceTree = "<group>"; };
		A8CF788121B9AD7D0067AE52 /* Cartfile */ = {isa = PBXFileReference; fileEncoding = 4; lastKnownFileType = text; path = Cartfile; sourceTree = SOURCE_ROOT; };
		A8CF788F21BA0B3F0067AE52 /* Alamofire.framework */ = {isa = PBXFileReference; lastKnownFileType = wrapper.framework; name = Alamofire.framework; path = Carthage/Build/Mac/Alamofire.framework; sourceTree = "<group>"; };
		A8CF789721BA0E370067AE52 /* SwiftyJSON.framework */ = {isa = PBXFileReference; lastKnownFileType = wrapper.framework; name = SwiftyJSON.framework; path = Carthage/Build/Mac/SwiftyJSON.framework; sourceTree = "<group>"; };
		A8CF789F21BCB2840067AE52 /* ShortcutService.swift */ = {isa = PBXFileReference; lastKnownFileType = sourcecode.swift; path = ShortcutService.swift; sourceTree = "<group>"; };
		A8CF78A121BCBEE80067AE52 /* HotKey.framework */ = {isa = PBXFileReference; lastKnownFileType = wrapper.framework; name = HotKey.framework; path = Carthage/Build/Mac/HotKey.framework; sourceTree = "<group>"; };
		A8CF78A521BD6F380067AE52 /* ClipboardService.swift */ = {isa = PBXFileReference; lastKnownFileType = sourcecode.swift; path = ClipboardService.swift; sourceTree = "<group>"; };
		A8CF78A721BD9BF90067AE52 /* UploadService.swift */ = {isa = PBXFileReference; lastKnownFileType = sourcecode.swift; path = UploadService.swift; sourceTree = "<group>"; };
/* End PBXFileReference section */

/* Begin PBXFrameworksBuildPhase section */
		A868496A21AF11F200CD974B /* Frameworks */ = {
			isa = PBXFrameworksBuildPhase;
			buildActionMask = 2147483647;
			files = (
				A8CF78A321BCBEEC0067AE52 /* HotKey.framework in Frameworks */,
				A8CF789021BA0B3F0067AE52 /* Alamofire.framework in Frameworks */,
				A8CF789921BA0E3E0067AE52 /* SwiftyJSON.framework in Frameworks */,
			);
			runOnlyForDeploymentPostprocessing = 0;
		};
/* End PBXFrameworksBuildPhase section */

/* Begin PBXGroup section */
		A868496421AF11F200CD974B = {
			isa = PBXGroup;
			children = (
				A868496F21AF11F200CD974B /* PicUp */,
				A868496E21AF11F200CD974B /* Products */,
				A8CF788321BA0A740067AE52 /* Frameworks */,
			);
			sourceTree = "<group>";
		};
		A868496E21AF11F200CD974B /* Products */ = {
			isa = PBXGroup;
			children = (
				A868496D21AF11F200CD974B /* PicUp.app */,
			);
			name = Products;
			sourceTree = "<group>";
		};
		A868496F21AF11F200CD974B /* PicUp */ = {
			isa = PBXGroup;
			children = (
				A868497021AF11F200CD974B /* AppDelegate.swift */,
				A8CF786921B1C9670067AE52 /* EventMonitor.swift */,
				A8CF787721B4A3690067AE52 /* Constants.swift */,
				A8CF788121B9AD7D0067AE52 /* Cartfile */,
				A8CF787221B49A680067AE52 /* Network */,
				A868498921AF1D4700CD974B /* Models */,
				A868498821AF1D4700CD974B /* Utils */,
				A868498B21AF1D4700CD974B /* Controllers */,
				A868497421AF11F300CD974B /* Assets.xcassets */,
				A8CF788E21BA0AC50067AE52 /* Vendor */,
				A868497621AF11F300CD974B /* Main.storyboard */,
				A868497921AF11F400CD974B /* Info.plist */,
				A868497A21AF11F400CD974B /* PicUp.entitlements */,
			);
			path = PicUp;
			sourceTree = "<group>";
		};
		A868498821AF1D4700CD974B /* Utils */ = {
			isa = PBXGroup;
			children = (
				A8CF787B21B777F40067AE52 /* NotificationCenter.swift */,
				A8CF789F21BCB2840067AE52 /* ShortcutService.swift */,
				A8CF78A521BD6F380067AE52 /* ClipboardService.swift */,
				A8CF78A721BD9BF90067AE52 /* UploadService.swift */,
			);
			path = Utils;
			sourceTree = "<group>";
		};
		A868498921AF1D4700CD974B /* Models */ = {
			isa = PBXGroup;
			children = (
				A868498A21AF1D4700CD974B /* Quote.swift */,
			);
			path = Models;
			sourceTree = "<group>";
		};
		A868498B21AF1D4700CD974B /* Controllers */ = {
			isa = PBXGroup;
			children = (
				A868498C21AF1D4700CD974B /* PreferenceViewController.swift */,
				A868498D21AF1D4700CD974B /* QuotesViewController.swift */,
			);
			path = Controllers;
			sourceTree = "<group>";
		};
		A8CF787221B49A680067AE52 /* Network */ = {
			isa = PBXGroup;
			children = (
				A8CF787321B49A890067AE52 /* ImgurAPI.swift */,
				A8CF787D21B8B8040067AE52 /* SMMSAPI.swift */,
				A8CF787F21B8B8730067AE52 /* PictureUploader.swift */,
			);
			path = Network;
			sourceTree = "<group>";
		};
		A8CF788321BA0A740067AE52 /* Frameworks */ = {
			isa = PBXGroup;
			children = (
				A8CF78A121BCBEE80067AE52 /* HotKey.framework */,
				A8CF789721BA0E370067AE52 /* SwiftyJSON.framework */,
				A8CF788F21BA0B3F0067AE52 /* Alamofire.framework */,
			);
			name = Frameworks;
			sourceTree = "<group>";
		};
		A8CF788E21BA0AC50067AE52 /* Vendor */ = {
			isa = PBXGroup;
			children = (
			);
			path = Vendor;
			sourceTree = "<group>";
		};
/* End PBXGroup section */

/* Begin PBXNativeTarget section */
		A868496C21AF11F200CD974B /* PicUp */ = {
			isa = PBXNativeTarget;
			buildConfigurationList = A868497D21AF11F400CD974B /* Build configuration list for PBXNativeTarget "PicUp" */;
			buildPhases = (
				A868496921AF11F200CD974B /* Sources */,
				A868496A21AF11F200CD974B /* Frameworks */,
				A868496B21AF11F200CD974B /* Resources */,
				A8CF788D21BA0AAA0067AE52 /* Embed Frameworks */,
			);
			buildRules = (
			);
			dependencies = (
			);
			name = PicUp;
			productName = PicUp;
			productReference = A868496D21AF11F200CD974B /* PicUp.app */;
			productType = "com.apple.product-type.application";
		};
/* End PBXNativeTarget section */

/* Begin PBXProject section */
		A868496521AF11F200CD974B /* Project object */ = {
			isa = PBXProject;
			attributes = {
				LastSwiftUpdateCheck = 1010;
				LastUpgradeCheck = 1010;
				ORGANIZATIONNAME = "Joy Zeng";
				TargetAttributes = {
					A868496C21AF11F200CD974B = {
						CreatedOnToolsVersion = 10.1;
					};
				};
			};
			buildConfigurationList = A868496821AF11F200CD974B /* Build configuration list for PBXProject "PicUp" */;
			compatibilityVersion = "Xcode 9.3";
			developmentRegion = en;
			hasScannedForEncodings = 0;
			knownRegions = (
				en,
				Base,
			);
			mainGroup = A868496421AF11F200CD974B;
			productRefGroup = A868496E21AF11F200CD974B /* Products */;
			projectDirPath = "";
			projectRoot = "";
			targets = (
				A868496C21AF11F200CD974B /* PicUp */,
			);
		};
/* End PBXProject section */

/* Begin PBXResourcesBuildPhase section */
		A868496B21AF11F200CD974B /* Resources */ = {
			isa = PBXResourcesBuildPhase;
			buildActionMask = 2147483647;
			files = (
				A8CF788221B9AD7D0067AE52 /* Cartfile in Resources */,
				A868497521AF11F300CD974B /* Assets.xcassets in Resources */,
				A868497821AF11F300CD974B /* Main.storyboard in Resources */,
			);
			runOnlyForDeploymentPostprocessing = 0;
		};
/* End PBXResourcesBuildPhase section */

/* Begin PBXSourcesBuildPhase section */
		A868496921AF11F200CD974B /* Sources */ = {
			isa = PBXSourcesBuildPhase;
			buildActionMask = 2147483647;
			files = (
				A8CF787821B4A3690067AE52 /* Constants.swift in Sources */,
				A868498F21AF1D4700CD974B /* PreferenceViewController.swift in Sources */,
				A8CF788021B8B8730067AE52 /* PictureUploader.swift in Sources */,
				A8CF787C21B777F40067AE52 /* NotificationCenter.swift in Sources */,
				A8CF787E21B8B8040067AE52 /* SMMSAPI.swift in Sources */,
				A8CF786A21B1C9670067AE52 /* EventMonitor.swift in Sources */,
				A868499021AF1D4700CD974B /* QuotesViewController.swift in Sources */,
				A868498E21AF1D4700CD974B /* Quote.swift in Sources */,
				A8CF78A621BD6F380067AE52 /* ClipboardService.swift in Sources */,
				A868497121AF11F200CD974B /* AppDelegate.swift in Sources */,
				A8CF78A821BD9BF90067AE52 /* UploadService.swift in Sources */,
				A8CF78A021BCB2840067AE52 /* ShortcutService.swift in Sources */,
				A8CF787421B49A890067AE52 /* ImgurAPI.swift in Sources */,
			);
			runOnlyForDeploymentPostprocessing = 0;
		};
/* End PBXSourcesBuildPhase section */

/* Begin PBXVariantGroup section */
		A868497621AF11F300CD974B /* Main.storyboard */ = {
			isa = PBXVariantGroup;
			children = (
				A868497721AF11F300CD974B /* Base */,
			);
			name = Main.storyboard;
			sourceTree = "<group>";
		};
/* End PBXVariantGroup section */

/* Begin XCBuildConfiguration section */
		A868497B21AF11F400CD974B /* Debug */ = {
			isa = XCBuildConfiguration;
			buildSettings = {
				ALWAYS_SEARCH_USER_PATHS = NO;
				CLANG_ANALYZER_NONNULL = YES;
				CLANG_ANALYZER_NUMBER_OBJECT_CONVERSION = YES_AGGRESSIVE;
				CLANG_CXX_LANGUAGE_STANDARD = "gnu++14";
				CLANG_CXX_LIBRARY = "libc++";
				CLANG_ENABLE_MODULES = YES;
				CLANG_ENABLE_OBJC_ARC = YES;
				CLANG_ENABLE_OBJC_WEAK = YES;
				CLANG_WARN_BLOCK_CAPTURE_AUTORELEASING = YES;
				CLANG_WARN_BOOL_CONVERSION = YES;
				CLANG_WARN_COMMA = YES;
				CLANG_WARN_CONSTANT_CONVERSION = YES;
				CLANG_WARN_DEPRECATED_OBJC_IMPLEMENTATIONS = YES;
				CLANG_WARN_DIRECT_OBJC_ISA_USAGE = YES_ERROR;
				CLANG_WARN_DOCUMENTATION_COMMENTS = YES;
				CLANG_WARN_EMPTY_BODY = YES;
				CLANG_WARN_ENUM_CONVERSION = YES;
				CLANG_WARN_INFINITE_RECURSION = YES;
				CLANG_WARN_INT_CONVERSION = YES;
				CLANG_WARN_NON_LITERAL_NULL_CONVERSION = YES;
				CLANG_WARN_OBJC_IMPLICIT_RETAIN_SELF = YES;
				CLANG_WARN_OBJC_LITERAL_CONVERSION = YES;
				CLANG_WARN_OBJC_ROOT_CLASS = YES_ERROR;
				CLANG_WARN_RANGE_LOOP_ANALYSIS = YES;
				CLANG_WARN_STRICT_PROTOTYPES = YES;
				CLANG_WARN_SUSPICIOUS_MOVE = YES;
				CLANG_WARN_UNGUARDED_AVAILABILITY = YES_AGGRESSIVE;
				CLANG_WARN_UNREACHABLE_CODE = YES;
				CLANG_WARN__DUPLICATE_METHOD_MATCH = YES;
				CODE_SIGN_IDENTITY = "Mac Developer";
				COPY_PHASE_STRIP = NO;
				DEBUG_INFORMATION_FORMAT = dwarf;
				ENABLE_STRICT_OBJC_MSGSEND = YES;
				ENABLE_TESTABILITY = YES;
				GCC_C_LANGUAGE_STANDARD = gnu11;
				GCC_DYNAMIC_NO_PIC = NO;
				GCC_NO_COMMON_BLOCKS = YES;
				GCC_OPTIMIZATION_LEVEL = 0;
				GCC_PREPROCESSOR_DEFINITIONS = (
					"DEBUG=1",
					"$(inherited)",
				);
				GCC_WARN_64_TO_32_BIT_CONVERSION = YES;
				GCC_WARN_ABOUT_RETURN_TYPE = YES_ERROR;
				GCC_WARN_UNDECLARED_SELECTOR = YES;
				GCC_WARN_UNINITIALIZED_AUTOS = YES_AGGRESSIVE;
				GCC_WARN_UNUSED_FUNCTION = YES;
				GCC_WARN_UNUSED_VARIABLE = YES;
				MACOSX_DEPLOYMENT_TARGET = 10.14;
				MTL_ENABLE_DEBUG_INFO = INCLUDE_SOURCE;
				MTL_FAST_MATH = YES;
				ONLY_ACTIVE_ARCH = YES;
				SDKROOT = macosx;
				SWIFT_ACTIVE_COMPILATION_CONDITIONS = DEBUG;
				SWIFT_OPTIMIZATION_LEVEL = "-Onone";
			};
			name = Debug;
		};
		A868497C21AF11F400CD974B /* Release */ = {
			isa = XCBuildConfiguration;
			buildSettings = {
				ALWAYS_SEARCH_USER_PATHS = NO;
				CLANG_ANALYZER_NONNULL = YES;
				CLANG_ANALYZER_NUMBER_OBJECT_CONVERSION = YES_AGGRESSIVE;
				CLANG_CXX_LANGUAGE_STANDARD = "gnu++14";
				CLANG_CXX_LIBRARY = "libc++";
				CLANG_ENABLE_MODULES = YES;
				CLANG_ENABLE_OBJC_ARC = YES;
				CLANG_ENABLE_OBJC_WEAK = YES;
				CLANG_WARN_BLOCK_CAPTURE_AUTORELEASING = YES;
				CLANG_WARN_BOOL_CONVERSION = YES;
				CLANG_WARN_COMMA = YES;
				CLANG_WARN_CONSTANT_CONVERSION = YES;
				CLANG_WARN_DEPRECATED_OBJC_IMPLEMENTATIONS = YES;
				CLANG_WARN_DIRECT_OBJC_ISA_USAGE = YES_ERROR;
				CLANG_WARN_DOCUMENTATION_COMMENTS = YES;
				CLANG_WARN_EMPTY_BODY = YES;
				CLANG_WARN_ENUM_CONVERSION = YES;
				CLANG_WARN_INFINITE_RECURSION = YES;
				CLANG_WARN_INT_CONVERSION = YES;
				CLANG_WARN_NON_LITERAL_NULL_CONVERSION = YES;
				CLANG_WARN_OBJC_IMPLICIT_RETAIN_SELF = YES;
				CLANG_WARN_OBJC_LITERAL_CONVERSION = YES;
				CLANG_WARN_OBJC_ROOT_CLASS = YES_ERROR;
				CLANG_WARN_RANGE_LOOP_ANALYSIS = YES;
				CLANG_WARN_STRICT_PROTOTYPES = YES;
				CLANG_WARN_SUSPICIOUS_MOVE = YES;
				CLANG_WARN_UNGUARDED_AVAILABILITY = YES_AGGRESSIVE;
				CLANG_WARN_UNREACHABLE_CODE = YES;
				CLANG_WARN__DUPLICATE_METHOD_MATCH = YES;
				CODE_SIGN_IDENTITY = "Mac Developer";
				COPY_PHASE_STRIP = NO;
				DEBUG_INFORMATION_FORMAT = "dwarf-with-dsym";
				ENABLE_NS_ASSERTIONS = NO;
				ENABLE_STRICT_OBJC_MSGSEND = YES;
				GCC_C_LANGUAGE_STANDARD = gnu11;
				GCC_NO_COMMON_BLOCKS = YES;
				GCC_WARN_64_TO_32_BIT_CONVERSION = YES;
				GCC_WARN_ABOUT_RETURN_TYPE = YES_ERROR;
				GCC_WARN_UNDECLARED_SELECTOR = YES;
				GCC_WARN_UNINITIALIZED_AUTOS = YES_AGGRESSIVE;
				GCC_WARN_UNUSED_FUNCTION = YES;
				GCC_WARN_UNUSED_VARIABLE = YES;
				MACOSX_DEPLOYMENT_TARGET = 10.14;
				MTL_ENABLE_DEBUG_INFO = NO;
				MTL_FAST_MATH = YES;
				SDKROOT = macosx;
				SWIFT_COMPILATION_MODE = wholemodule;
				SWIFT_OPTIMIZATION_LEVEL = "-O";
			};
			name = Release;
		};
		A868497E21AF11F400CD974B /* Debug */ = {
			isa = XCBuildConfiguration;
			buildSettings = {
				ASSETCATALOG_COMPILER_APPICON_NAME = AppIcon;
				CODE_SIGN_STYLE = Automatic;
				COMBINE_HIDPI_IMAGES = YES;
				DEVELOPMENT_TEAM = 867H8W767N;
				FRAMEWORK_SEARCH_PATHS = (
					"$(inherited)",
					"$(PROJECT_DIR)/Carthage/Build/Mac",
					"$(PROJECT_DIR)/Carthage/Build/iOS",
				);
				INFOPLIST_FILE = PicUp/Info.plist;
				LD_RUNPATH_SEARCH_PATHS = (
					"$(inherited)",
					"@executable_path/../Frameworks",
				);
				PRODUCT_BUNDLE_IDENTIFIER = me.zengyi.PicUp;
				PRODUCT_NAME = "$(TARGET_NAME)";
				SWIFT_VERSION = 4.2;
			};
			name = Debug;
		};
		A868497F21AF11F400CD974B /* Release */ = {
			isa = XCBuildConfiguration;
			buildSettings = {
				ASSETCATALOG_COMPILER_APPICON_NAME = AppIcon;
				CODE_SIGN_STYLE = Automatic;
				COMBINE_HIDPI_IMAGES = YES;
				DEVELOPMENT_TEAM = 867H8W767N;
				FRAMEWORK_SEARCH_PATHS = (
					"$(inherited)",
					"$(PROJECT_DIR)/Carthage/Build/Mac",
					"$(PROJECT_DIR)/Carthage/Build/iOS",
				);
				INFOPLIST_FILE = PicUp/Info.plist;
				LD_RUNPATH_SEARCH_PATHS = (
					"$(inherited)",
					"@executable_path/../Frameworks",
				);
				PRODUCT_BUNDLE_IDENTIFIER = me.zengyi.PicUp;
				PRODUCT_NAME = "$(TARGET_NAME)";
				SWIFT_VERSION = 4.2;
			};
			name = Release;
		};
/* End XCBuildConfiguration section */

/* Begin XCConfigurationList section */
		A868496821AF11F200CD974B /* Build configuration list for PBXProject "PicUp" */ = {
			isa = XCConfigurationList;
			buildConfigurations = (
				A868497B21AF11F400CD974B /* Debug */,
				A868497C21AF11F400CD974B /* Release */,
			);
			defaultConfigurationIsVisible = 0;
			defaultConfigurationName = Release;
		};
		A868497D21AF11F400CD974B /* Build configuration list for PBXNativeTarget "PicUp" */ = {
			isa = XCConfigurationList;
			buildConfigurations = (
				A868497E21AF11F400CD974B /* Debug */,
				A868497F21AF11F400CD974B /* Release */,
			);
			defaultConfigurationIsVisible = 0;
			defaultConfigurationName = Release;
		};
/* End XCConfigurationList section */
	};
	rootObject = A868496521AF11F200CD974B /* Project object */;
}
